
Microsoft Visual Studio Solution File, Format Version 12.00
# Visual Studio Version 16
VisualStudioVersion = 16.0.31911.196
MinimumVisualStudioVersion = 10.0.40219.1
Project("{FAE04EC0-301F-11D3-BF4B-00C04F79EFBC}") = "FenomPlus.Sandbox.UWP", "FenomPlus.Sandbox\FenomPlus.Sandbox.UWP\FenomPlus.Sandbox.UWP.csproj", "{E7049879-B738-40BC-93EC-0718FC6CAD4C}"
EndProject
Project("{FAE04EC0-301F-11D3-BF4B-00C04F79EFBC}") = "FenomPlus.Sandbox.Android", "FenomPlus.Sandbox\FenomPlus.Sandbox.Android\FenomPlus.Sandbox.Android.csproj", "{C0752B92-261B-405C-B713-988B7931AC1D}"
EndProject
Project("{FAE04EC0-301F-11D3-BF4B-00C04F79EFBC}") = "FenomPlus.Sandbox.iOS", "FenomPlus.Sandbox\FenomPlus.Sandbox.iOS\FenomPlus.Sandbox.iOS.csproj", "{35044C2E-FC4C-4583-AA7A-CCB3349605D0}"
EndProject
Project("{9A19103F-16F7-4668-BE54-9A1E7A4F7556}") = "FenomPlus.Sandbox", "FenomPlus.Sandbox\FenomPlus.Sandbox\FenomPlus.Sandbox.csproj", "{34E5F295-9EB3-4028-92EA-DCAEEEC02DDF}"
EndProject
Project("{D954291E-2A0B-460D-934E-DC6B0785DB48}") = "FenomPlus.Sandbox.Core", "FenomPlus.Sandbox\FenomPlus.Sandbox.Core\FenomPlus.Sandbox.Core.shproj", "{D827BF82-4A2B-4C4B-855E-F6797A6192BB}"
EndProject
Project("{FAE04EC0-301F-11D3-BF4B-00C04F79EFBC}") = "FenomPlus.SDK.Android", "FenomPlus.SDK\FenomPlus.SDK.Android\FenomPlus.SDK.Android.csproj", "{AE7055A9-334A-40A1-B8F6-8C2FC54A358C}"
EndProject
Project("{FAE04EC0-301F-11D3-BF4B-00C04F79EFBC}") = "FenomPlus.SDK.iOS", "FenomPlus.SDK\FenomPlus.SDK.iOS\FenomPlus.SDK.iOS.csproj", "{EEB5C3DD-0681-4889-891B-4EBB06FA79D4}"
EndProject
Project("{D954291E-2A0B-460D-934E-DC6B0785DB48}") = "FenomPlus.SDK.Abstractions", "FenomPlus.SDK\FenomPlus.SDK.Abstractions\FenomPlus.SDK.Abstractions.shproj", "{3DF159BC-09D0-4468-B6D2-081367D13E1C}"
EndProject
Project("{D954291E-2A0B-460D-934E-DC6B0785DB48}") = "FenomPlus.SDK.Core", "FenomPlus.SDK\FenomPlus.SDK.Core\FenomPlus.SDK.Core.shproj", "{B9ADFAE4-542F-4D10-860D-E0C99F394D18}"
EndProject
Project("{FAE04EC0-301F-11D3-BF4B-00C04F79EFBC}") = "FenomPlus.SDK.UWP", "FenomPlus.SDK\FenomPlus.SDK.UWP\FenomPlus.SDK.UWP.csproj", "{31E0581B-EA00-40F7-9EDD-542F0F8A7619}"
EndProject
Project("{5DD5E4FA-CB73-4610-85AB-557B54E96AA9}") = "Plugin.FenomPlusBLE", "FenomPlus.SDK\Plugin.FenomPlusBLE\Plugin.FenomPlusBLE.nuproj", "{70E5185C-2A07-44AD-81DF-EF7F514EEF2D}"
EndProject
Project("{FAE04EC0-301F-11D3-BF4B-00C04F79EFBC}") = "Plugin.BLE.Android", "..\xamarin-bluetooth-le\Source\Plugin.BLE.Android\Plugin.BLE.Android.csproj", "{80C10C11-6FCB-4038-B029-A700039E8F99}"
EndProject
Project("{FAE04EC0-301F-11D3-BF4B-00C04F79EFBC}") = "Plugin.BLE.Abstractions", "..\xamarin-bluetooth-le\Source\Plugin.BLE.Abstractions\Plugin.BLE.Abstractions.csproj", "{30BBA3F3-DEE6-4A86-81F0-C4A817FEE4D8}"
EndProject
Project("{FAE04EC0-301F-11D3-BF4B-00C04F79EFBC}") = "Plugin.BLE", "..\xamarin-bluetooth-le\Source\Plugin.BLE\Plugin.BLE.csproj", "{CD0FD18F-08EE-49F5-957F-C5929E13615F}"
EndProject
Global
	GlobalSection(SharedMSBuildProjectFiles) = preSolution
		FenomPlus.Sandbox.Core\FenomPlus.Sandbox.Core.projitems*{d827bf82-4a2b-4c4b-855e-f6797a6192bb}*SharedItemsImports = 13
	EndGlobalSection
	GlobalSection(SolutionConfigurationPlatforms) = preSolution
		Debug|Any CPU = Debug|Any CPU
		Debug|ARM = Debug|ARM
		Debug|iPhone = Debug|iPhone
		Debug|iPhoneSimulator = Debug|iPhoneSimulator
		Debug|x64 = Debug|x64
		Debug|x86 = Debug|x86
		Release|Any CPU = Release|Any CPU
		Release|ARM = Release|ARM
		Release|iPhone = Release|iPhone
		Release|iPhoneSimulator = Release|iPhoneSimulator
		Release|x64 = Release|x64
		Release|x86 = Release|x86
	EndGlobalSection
	GlobalSection(ProjectConfigurationPlatforms) = postSolution
		{E7049879-B738-40BC-93EC-0718FC6CAD4C}.Debug|Any CPU.ActiveCfg = Debug|x86
		{E7049879-B738-40BC-93EC-0718FC6CAD4C}.Debug|Any CPU.Build.0 = Debug|x86
		{E7049879-B738-40BC-93EC-0718FC6CAD4C}.Debug|Any CPU.Deploy.0 = Debug|x86
		{E7049879-B738-40BC-93EC-0718FC6CAD4C}.Debug|ARM.ActiveCfg = Debug|ARM
		{E7049879-B738-40BC-93EC-0718FC6CAD4C}.Debug|ARM.Build.0 = Debug|ARM
		{E7049879-B738-40BC-93EC-0718FC6CAD4C}.Debug|ARM.Deploy.0 = Debug|ARM
		{E7049879-B738-40BC-93EC-0718FC6CAD4C}.Debug|iPhone.ActiveCfg = Debug|x86
		{E7049879-B738-40BC-93EC-0718FC6CAD4C}.Debug|iPhone.Build.0 = Debug|x86
		{E7049879-B738-40BC-93EC-0718FC6CAD4C}.Debug|iPhone.Deploy.0 = Debug|x86
		{E7049879-B738-40BC-93EC-0718FC6CAD4C}.Debug|iPhoneSimulator.ActiveCfg = Debug|x86
		{E7049879-B738-40BC-93EC-0718FC6CAD4C}.Debug|iPhoneSimulator.Build.0 = Debug|x86
		{E7049879-B738-40BC-93EC-0718FC6CAD4C}.Debug|iPhoneSimulator.Deploy.0 = Debug|x86
		{E7049879-B738-40BC-93EC-0718FC6CAD4C}.Debug|x64.ActiveCfg = Debug|x64
		{E7049879-B738-40BC-93EC-0718FC6CAD4C}.Debug|x64.Build.0 = Debug|x64
		{E7049879-B738-40BC-93EC-0718FC6CAD4C}.Debug|x64.Deploy.0 = Debug|x64
		{E7049879-B738-40BC-93EC-0718FC6CAD4C}.Debug|x86.ActiveCfg = Debug|x86
		{E7049879-B738-40BC-93EC-0718FC6CAD4C}.Debug|x86.Build.0 = Debug|x86
		{E7049879-B738-40BC-93EC-0718FC6CAD4C}.Debug|x86.Deploy.0 = Debug|x86
		{E7049879-B738-40BC-93EC-0718FC6CAD4C}.Release|Any CPU.ActiveCfg = Release|x86
		{E7049879-B738-40BC-93EC-0718FC6CAD4C}.Release|Any CPU.Build.0 = Release|x86
		{E7049879-B738-40BC-93EC-0718FC6CAD4C}.Release|Any CPU.Deploy.0 = Release|x86
		{E7049879-B738-40BC-93EC-0718FC6CAD4C}.Release|ARM.ActiveCfg = Release|ARM
		{E7049879-B738-40BC-93EC-0718FC6CAD4C}.Release|ARM.Build.0 = Release|ARM
		{E7049879-B738-40BC-93EC-0718FC6CAD4C}.Release|ARM.Deploy.0 = Release|ARM
		{E7049879-B738-40BC-93EC-0718FC6CAD4C}.Release|iPhone.ActiveCfg = Release|x86
		{E7049879-B738-40BC-93EC-0718FC6CAD4C}.Release|iPhone.Build.0 = Release|x86
		{E7049879-B738-40BC-93EC-0718FC6CAD4C}.Release|iPhone.Deploy.0 = Release|x86
		{E7049879-B738-40BC-93EC-0718FC6CAD4C}.Release|iPhoneSimulator.ActiveCfg = Release|x86
		{E7049879-B738-40BC-93EC-0718FC6CAD4C}.Release|iPhoneSimulator.Build.0 = Release|x86
		{E7049879-B738-40BC-93EC-0718FC6CAD4C}.Release|iPhoneSimulator.Deploy.0 = Release|x86
		{E7049879-B738-40BC-93EC-0718FC6CAD4C}.Release|x64.ActiveCfg = Release|x64
		{E7049879-B738-40BC-93EC-0718FC6CAD4C}.Release|x64.Build.0 = Release|x64
		{E7049879-B738-40BC-93EC-0718FC6CAD4C}.Release|x64.Deploy.0 = Release|x64
		{E7049879-B738-40BC-93EC-0718FC6CAD4C}.Release|x86.ActiveCfg = Release|x86
		{E7049879-B738-40BC-93EC-0718FC6CAD4C}.Release|x86.Build.0 = Release|x86
		{E7049879-B738-40BC-93EC-0718FC6CAD4C}.Release|x86.Deploy.0 = Release|x86
		{C0752B92-261B-405C-B713-988B7931AC1D}.Debug|Any CPU.ActiveCfg = Debug|Any CPU
		{C0752B92-261B-405C-B713-988B7931AC1D}.Debug|Any CPU.Build.0 = Debug|Any CPU
		{C0752B92-261B-405C-B713-988B7931AC1D}.Debug|Any CPU.Deploy.0 = Debug|Any CPU
		{C0752B92-261B-405C-B713-988B7931AC1D}.Debug|ARM.ActiveCfg = Debug|Any CPU
		{C0752B92-261B-405C-B713-988B7931AC1D}.Debug|ARM.Build.0 = Debug|Any CPU
		{C0752B92-261B-405C-B713-988B7931AC1D}.Debug|ARM.Deploy.0 = Debug|Any CPU
		{C0752B92-261B-405C-B713-988B7931AC1D}.Debug|iPhone.ActiveCfg = Debug|Any CPU
		{C0752B92-261B-405C-B713-988B7931AC1D}.Debug|iPhone.Build.0 = Debug|Any CPU
		{C0752B92-261B-405C-B713-988B7931AC1D}.Debug|iPhone.Deploy.0 = Debug|Any CPU
		{C0752B92-261B-405C-B713-988B7931AC1D}.Debug|iPhoneSimulator.ActiveCfg = Debug|Any CPU
		{C0752B92-261B-405C-B713-988B7931AC1D}.Debug|iPhoneSimulator.Build.0 = Debug|Any CPU
		{C0752B92-261B-405C-B713-988B7931AC1D}.Debug|iPhoneSimulator.Deploy.0 = Debug|Any CPU
		{C0752B92-261B-405C-B713-988B7931AC1D}.Debug|x64.ActiveCfg = Debug|Any CPU
		{C0752B92-261B-405C-B713-988B7931AC1D}.Debug|x64.Build.0 = Debug|Any CPU
		{C0752B92-261B-405C-B713-988B7931AC1D}.Debug|x64.Deploy.0 = Debug|Any CPU
		{C0752B92-261B-405C-B713-988B7931AC1D}.Debug|x86.ActiveCfg = Debug|Any CPU
		{C0752B92-261B-405C-B713-988B7931AC1D}.Debug|x86.Build.0 = Debug|Any CPU
		{C0752B92-261B-405C-B713-988B7931AC1D}.Debug|x86.Deploy.0 = Debug|Any CPU
		{C0752B92-261B-405C-B713-988B7931AC1D}.Release|Any CPU.ActiveCfg = Release|Any CPU
		{C0752B92-261B-405C-B713-988B7931AC1D}.Release|Any CPU.Build.0 = Release|Any CPU
		{C0752B92-261B-405C-B713-988B7931AC1D}.Release|Any CPU.Deploy.0 = Release|Any CPU
		{C0752B92-261B-405C-B713-988B7931AC1D}.Release|ARM.ActiveCfg = Release|Any CPU
		{C0752B92-261B-405C-B713-988B7931AC1D}.Release|ARM.Build.0 = Release|Any CPU
		{C0752B92-261B-405C-B713-988B7931AC1D}.Release|ARM.Deploy.0 = Release|Any CPU
		{C0752B92-261B-405C-B713-988B7931AC1D}.Release|iPhone.ActiveCfg = Release|Any CPU
		{C0752B92-261B-405C-B713-988B7931AC1D}.Release|iPhone.Build.0 = Release|Any CPU
		{C0752B92-261B-405C-B713-988B7931AC1D}.Release|iPhone.Deploy.0 = Release|Any CPU
		{C0752B92-261B-405C-B713-988B7931AC1D}.Release|iPhoneSimulator.ActiveCfg = Release|Any CPU
		{C0752B92-261B-405C-B713-988B7931AC1D}.Release|iPhoneSimulator.Build.0 = Release|Any CPU
		{C0752B92-261B-405C-B713-988B7931AC1D}.Release|iPhoneSimulator.Deploy.0 = Release|Any CPU
		{C0752B92-261B-405C-B713-988B7931AC1D}.Release|x64.ActiveCfg = Release|Any CPU
		{C0752B92-261B-405C-B713-988B7931AC1D}.Release|x64.Build.0 = Release|Any CPU
		{C0752B92-261B-405C-B713-988B7931AC1D}.Release|x64.Deploy.0 = Release|Any CPU
		{C0752B92-261B-405C-B713-988B7931AC1D}.Release|x86.ActiveCfg = Release|Any CPU
		{C0752B92-261B-405C-B713-988B7931AC1D}.Release|x86.Build.0 = Release|Any CPU
		{C0752B92-261B-405C-B713-988B7931AC1D}.Release|x86.Deploy.0 = Release|Any CPU
		{35044C2E-FC4C-4583-AA7A-CCB3349605D0}.Debug|Any CPU.ActiveCfg = Debug|iPhoneSimulator
		{35044C2E-FC4C-4583-AA7A-CCB3349605D0}.Debug|Any CPU.Build.0 = Debug|iPhoneSimulator
		{35044C2E-FC4C-4583-AA7A-CCB3349605D0}.Debug|Any CPU.Deploy.0 = Debug|iPhoneSimulator
		{35044C2E-FC4C-4583-AA7A-CCB3349605D0}.Debug|ARM.ActiveCfg = Debug|iPhone
		{35044C2E-FC4C-4583-AA7A-CCB3349605D0}.Debug|ARM.Build.0 = Debug|iPhone
		{35044C2E-FC4C-4583-AA7A-CCB3349605D0}.Debug|ARM.Deploy.0 = Debug|iPhone
		{35044C2E-FC4C-4583-AA7A-CCB3349605D0}.Debug|iPhone.ActiveCfg = Debug|iPhone
		{35044C2E-FC4C-4583-AA7A-CCB3349605D0}.Debug|iPhone.Build.0 = Debug|iPhone
		{35044C2E-FC4C-4583-AA7A-CCB3349605D0}.Debug|iPhone.Deploy.0 = Debug|iPhone
		{35044C2E-FC4C-4583-AA7A-CCB3349605D0}.Debug|iPhoneSimulator.ActiveCfg = Debug|iPhoneSimulator
		{35044C2E-FC4C-4583-AA7A-CCB3349605D0}.Debug|iPhoneSimulator.Build.0 = Debug|iPhoneSimulator
		{35044C2E-FC4C-4583-AA7A-CCB3349605D0}.Debug|iPhoneSimulator.Deploy.0 = Debug|iPhoneSimulator
		{35044C2E-FC4C-4583-AA7A-CCB3349605D0}.Debug|x64.ActiveCfg = Debug|iPhoneSimulator
		{35044C2E-FC4C-4583-AA7A-CCB3349605D0}.Debug|x64.Build.0 = Debug|iPhoneSimulator
		{35044C2E-FC4C-4583-AA7A-CCB3349605D0}.Debug|x64.Deploy.0 = Debug|iPhoneSimulator
		{35044C2E-FC4C-4583-AA7A-CCB3349605D0}.Debug|x86.ActiveCfg = Debug|iPhoneSimulator
		{35044C2E-FC4C-4583-AA7A-CCB3349605D0}.Debug|x86.Build.0 = Debug|iPhoneSimulator
		{35044C2E-FC4C-4583-AA7A-CCB3349605D0}.Debug|x86.Deploy.0 = Debug|iPhoneSimulator
		{35044C2E-FC4C-4583-AA7A-CCB3349605D0}.Release|Any CPU.ActiveCfg = Release|iPhoneSimulator
		{35044C2E-FC4C-4583-AA7A-CCB3349605D0}.Release|Any CPU.Build.0 = Release|iPhoneSimulator
		{35044C2E-FC4C-4583-AA7A-CCB3349605D0}.Release|Any CPU.Deploy.0 = Release|iPhoneSimulator
		{35044C2E-FC4C-4583-AA7A-CCB3349605D0}.Release|ARM.ActiveCfg = Release|iPhoneSimulator
		{35044C2E-FC4C-4583-AA7A-CCB3349605D0}.Release|ARM.Build.0 = Release|iPhoneSimulator
		{35044C2E-FC4C-4583-AA7A-CCB3349605D0}.Release|ARM.Deploy.0 = Release|iPhoneSimulator
		{35044C2E-FC4C-4583-AA7A-CCB3349605D0}.Release|iPhone.ActiveCfg = Release|iPhone
		{35044C2E-FC4C-4583-AA7A-CCB3349605D0}.Release|iPhone.Build.0 = Release|iPhone
		{35044C2E-FC4C-4583-AA7A-CCB3349605D0}.Release|iPhone.Deploy.0 = Release|iPhone
		{35044C2E-FC4C-4583-AA7A-CCB3349605D0}.Release|iPhoneSimulator.ActiveCfg = Release|iPhoneSimulator
		{35044C2E-FC4C-4583-AA7A-CCB3349605D0}.Release|iPhoneSimulator.Build.0 = Release|iPhoneSimulator
		{35044C2E-FC4C-4583-AA7A-CCB3349605D0}.Release|iPhoneSimulator.Deploy.0 = Release|iPhoneSimulator
		{35044C2E-FC4C-4583-AA7A-CCB3349605D0}.Release|x64.ActiveCfg = Release|iPhoneSimulator
		{35044C2E-FC4C-4583-AA7A-CCB3349605D0}.Release|x64.Build.0 = Release|iPhoneSimulator
		{35044C2E-FC4C-4583-AA7A-CCB3349605D0}.Release|x64.Deploy.0 = Release|iPhoneSimulator
		{35044C2E-FC4C-4583-AA7A-CCB3349605D0}.Release|x86.ActiveCfg = Release|iPhoneSimulator
		{35044C2E-FC4C-4583-AA7A-CCB3349605D0}.Release|x86.Build.0 = Release|iPhoneSimulator
		{35044C2E-FC4C-4583-AA7A-CCB3349605D0}.Release|x86.Deploy.0 = Release|iPhoneSimulator
		{34E5F295-9EB3-4028-92EA-DCAEEEC02DDF}.Debug|Any CPU.ActiveCfg = Debug|Any CPU
		{34E5F295-9EB3-4028-92EA-DCAEEEC02DDF}.Debug|Any CPU.Build.0 = Debug|Any CPU
		{34E5F295-9EB3-4028-92EA-DCAEEEC02DDF}.Debug|Any CPU.Deploy.0 = Debug|Any CPU
		{34E5F295-9EB3-4028-92EA-DCAEEEC02DDF}.Debug|ARM.ActiveCfg = Debug|Any CPU
		{34E5F295-9EB3-4028-92EA-DCAEEEC02DDF}.Debug|ARM.Build.0 = Debug|Any CPU
		{34E5F295-9EB3-4028-92EA-DCAEEEC02DDF}.Debug|ARM.Deploy.0 = Debug|Any CPU
		{34E5F295-9EB3-4028-92EA-DCAEEEC02DDF}.Debug|iPhone.ActiveCfg = Debug|Any CPU
		{34E5F295-9EB3-4028-92EA-DCAEEEC02DDF}.Debug|iPhone.Build.0 = Debug|Any CPU
		{34E5F295-9EB3-4028-92EA-DCAEEEC02DDF}.Debug|iPhone.Deploy.0 = Debug|Any CPU
		{34E5F295-9EB3-4028-92EA-DCAEEEC02DDF}.Debug|iPhoneSimulator.ActiveCfg = Debug|Any CPU
		{34E5F295-9EB3-4028-92EA-DCAEEEC02DDF}.Debug|iPhoneSimulator.Build.0 = Debug|Any CPU
		{34E5F295-9EB3-4028-92EA-DCAEEEC02DDF}.Debug|iPhoneSimulator.Deploy.0 = Debug|Any CPU
		{34E5F295-9EB3-4028-92EA-DCAEEEC02DDF}.Debug|x64.ActiveCfg = Debug|Any CPU
		{34E5F295-9EB3-4028-92EA-DCAEEEC02DDF}.Debug|x64.Build.0 = Debug|Any CPU
		{34E5F295-9EB3-4028-92EA-DCAEEEC02DDF}.Debug|x64.Deploy.0 = Debug|Any CPU
		{34E5F295-9EB3-4028-92EA-DCAEEEC02DDF}.Debug|x86.ActiveCfg = Debug|Any CPU
		{34E5F295-9EB3-4028-92EA-DCAEEEC02DDF}.Debug|x86.Build.0 = Debug|Any CPU
		{34E5F295-9EB3-4028-92EA-DCAEEEC02DDF}.Debug|x86.Deploy.0 = Debug|Any CPU
		{34E5F295-9EB3-4028-92EA-DCAEEEC02DDF}.Release|Any CPU.ActiveCfg = Release|Any CPU
		{34E5F295-9EB3-4028-92EA-DCAEEEC02DDF}.Release|Any CPU.Build.0 = Release|Any CPU
		{34E5F295-9EB3-4028-92EA-DCAEEEC02DDF}.Release|Any CPU.Deploy.0 = Release|Any CPU
		{34E5F295-9EB3-4028-92EA-DCAEEEC02DDF}.Release|ARM.ActiveCfg = Release|Any CPU
		{34E5F295-9EB3-4028-92EA-DCAEEEC02DDF}.Release|ARM.Build.0 = Release|Any CPU
		{34E5F295-9EB3-4028-92EA-DCAEEEC02DDF}.Release|ARM.Deploy.0 = Release|Any CPU
		{34E5F295-9EB3-4028-92EA-DCAEEEC02DDF}.Release|iPhone.ActiveCfg = Release|Any CPU
		{34E5F295-9EB3-4028-92EA-DCAEEEC02DDF}.Release|iPhone.Build.0 = Release|Any CPU
		{34E5F295-9EB3-4028-92EA-DCAEEEC02DDF}.Release|iPhone.Deploy.0 = Release|Any CPU
		{34E5F295-9EB3-4028-92EA-DCAEEEC02DDF}.Release|iPhoneSimulator.ActiveCfg = Release|Any CPU
		{34E5F295-9EB3-4028-92EA-DCAEEEC02DDF}.Release|iPhoneSimulator.Build.0 = Release|Any CPU
		{34E5F295-9EB3-4028-92EA-DCAEEEC02DDF}.Release|iPhoneSimulator.Deploy.0 = Release|Any CPU
		{34E5F295-9EB3-4028-92EA-DCAEEEC02DDF}.Release|x64.ActiveCfg = Release|Any CPU
		{34E5F295-9EB3-4028-92EA-DCAEEEC02DDF}.Release|x64.Build.0 = Release|Any CPU
		{34E5F295-9EB3-4028-92EA-DCAEEEC02DDF}.Release|x64.Deploy.0 = Release|Any CPU
		{34E5F295-9EB3-4028-92EA-DCAEEEC02DDF}.Release|x86.ActiveCfg = Release|Any CPU
		{34E5F295-9EB3-4028-92EA-DCAEEEC02DDF}.Release|x86.Build.0 = Release|Any CPU
		{34E5F295-9EB3-4028-92EA-DCAEEEC02DDF}.Release|x86.Deploy.0 = Release|Any CPU
		{AE7055A9-334A-40A1-B8F6-8C2FC54A358C}.Debug|Any CPU.ActiveCfg = Debug|Any CPU
		{AE7055A9-334A-40A1-B8F6-8C2FC54A358C}.Debug|Any CPU.Build.0 = Debug|Any CPU
		{AE7055A9-334A-40A1-B8F6-8C2FC54A358C}.Debug|ARM.ActiveCfg = Debug|Any CPU
		{AE7055A9-334A-40A1-B8F6-8C2FC54A358C}.Debug|ARM.Build.0 = Debug|Any CPU
		{AE7055A9-334A-40A1-B8F6-8C2FC54A358C}.Debug|iPhone.ActiveCfg = Debug|Any CPU
		{AE7055A9-334A-40A1-B8F6-8C2FC54A358C}.Debug|iPhone.Build.0 = Debug|Any CPU
		{AE7055A9-334A-40A1-B8F6-8C2FC54A358C}.Debug|iPhoneSimulator.ActiveCfg = Debug|Any CPU
		{AE7055A9-334A-40A1-B8F6-8C2FC54A358C}.Debug|iPhoneSimulator.Build.0 = Debug|Any CPU
		{AE7055A9-334A-40A1-B8F6-8C2FC54A358C}.Debug|x64.ActiveCfg = Debug|Any CPU
		{AE7055A9-334A-40A1-B8F6-8C2FC54A358C}.Debug|x64.Build.0 = Debug|Any CPU
		{AE7055A9-334A-40A1-B8F6-8C2FC54A358C}.Debug|x86.ActiveCfg = Debug|Any CPU
		{AE7055A9-334A-40A1-B8F6-8C2FC54A358C}.Debug|x86.Build.0 = Debug|Any CPU
		{AE7055A9-334A-40A1-B8F6-8C2FC54A358C}.Release|Any CPU.ActiveCfg = Release|Any CPU
		{AE7055A9-334A-40A1-B8F6-8C2FC54A358C}.Release|Any CPU.Build.0 = Release|Any CPU
		{AE7055A9-334A-40A1-B8F6-8C2FC54A358C}.Release|ARM.ActiveCfg = Release|Any CPU
		{AE7055A9-334A-40A1-B8F6-8C2FC54A358C}.Release|ARM.Build.0 = Release|Any CPU
		{AE7055A9-334A-40A1-B8F6-8C2FC54A358C}.Release|iPhone.ActiveCfg = Release|Any CPU
		{AE7055A9-334A-40A1-B8F6-8C2FC54A358C}.Release|iPhone.Build.0 = Release|Any CPU
		{AE7055A9-334A-40A1-B8F6-8C2FC54A358C}.Release|iPhoneSimulator.ActiveCfg = Release|Any CPU
		{AE7055A9-334A-40A1-B8F6-8C2FC54A358C}.Release|iPhoneSimulator.Build.0 = Release|Any CPU
		{AE7055A9-334A-40A1-B8F6-8C2FC54A358C}.Release|x64.ActiveCfg = Release|Any CPU
		{AE7055A9-334A-40A1-B8F6-8C2FC54A358C}.Release|x64.Build.0 = Release|Any CPU
		{AE7055A9-334A-40A1-B8F6-8C2FC54A358C}.Release|x86.ActiveCfg = Release|Any CPU
		{AE7055A9-334A-40A1-B8F6-8C2FC54A358C}.Release|x86.Build.0 = Release|Any CPU
		{EEB5C3DD-0681-4889-891B-4EBB06FA79D4}.Debug|Any CPU.ActiveCfg = Debug|Any CPU
		{EEB5C3DD-0681-4889-891B-4EBB06FA79D4}.Debug|Any CPU.Build.0 = Debug|Any CPU
		{EEB5C3DD-0681-4889-891B-4EBB06FA79D4}.Debug|ARM.ActiveCfg = Debug|Any CPU
		{EEB5C3DD-0681-4889-891B-4EBB06FA79D4}.Debug|ARM.Build.0 = Debug|Any CPU
		{EEB5C3DD-0681-4889-891B-4EBB06FA79D4}.Debug|iPhone.ActiveCfg = Debug|Any CPU
		{EEB5C3DD-0681-4889-891B-4EBB06FA79D4}.Debug|iPhone.Build.0 = Debug|Any CPU
		{EEB5C3DD-0681-4889-891B-4EBB06FA79D4}.Debug|iPhoneSimulator.ActiveCfg = Debug|Any CPU
		{EEB5C3DD-0681-4889-891B-4EBB06FA79D4}.Debug|iPhoneSimulator.Build.0 = Debug|Any CPU
		{EEB5C3DD-0681-4889-891B-4EBB06FA79D4}.Debug|x64.ActiveCfg = Debug|Any CPU
		{EEB5C3DD-0681-4889-891B-4EBB06FA79D4}.Debug|x64.Build.0 = Debug|Any CPU
		{EEB5C3DD-0681-4889-891B-4EBB06FA79D4}.Debug|x86.ActiveCfg = Debug|Any CPU
		{EEB5C3DD-0681-4889-891B-4EBB06FA79D4}.Debug|x86.Build.0 = Debug|Any CPU
		{EEB5C3DD-0681-4889-891B-4EBB06FA79D4}.Release|Any CPU.ActiveCfg = Release|Any CPU
		{EEB5C3DD-0681-4889-891B-4EBB06FA79D4}.Release|Any CPU.Build.0 = Release|Any CPU
		{EEB5C3DD-0681-4889-891B-4EBB06FA79D4}.Release|ARM.ActiveCfg = Release|Any CPU
		{EEB5C3DD-0681-4889-891B-4EBB06FA79D4}.Release|ARM.Build.0 = Release|Any CPU
		{EEB5C3DD-0681-4889-891B-4EBB06FA79D4}.Release|iPhone.ActiveCfg = Release|Any CPU
		{EEB5C3DD-0681-4889-891B-4EBB06FA79D4}.Release|iPhone.Build.0 = Release|Any CPU
		{EEB5C3DD-0681-4889-891B-4EBB06FA79D4}.Release|iPhoneSimulator.ActiveCfg = Release|Any CPU
		{EEB5C3DD-0681-4889-891B-4EBB06FA79D4}.Release|iPhoneSimulator.Build.0 = Release|Any CPU
		{EEB5C3DD-0681-4889-891B-4EBB06FA79D4}.Release|x64.ActiveCfg = Release|Any CPU
		{EEB5C3DD-0681-4889-891B-4EBB06FA79D4}.Release|x64.Build.0 = Release|Any CPU
		{EEB5C3DD-0681-4889-891B-4EBB06FA79D4}.Release|x86.ActiveCfg = Release|Any CPU
		{EEB5C3DD-0681-4889-891B-4EBB06FA79D4}.Release|x86.Build.0 = Release|Any CPU
		{31E0581B-EA00-40F7-9EDD-542F0F8A7619}.Debug|Any CPU.ActiveCfg = Debug|Any CPU
		{31E0581B-EA00-40F7-9EDD-542F0F8A7619}.Debug|Any CPU.Build.0 = Debug|Any CPU
		{31E0581B-EA00-40F7-9EDD-542F0F8A7619}.Debug|ARM.ActiveCfg = Debug|Any CPU
		{31E0581B-EA00-40F7-9EDD-542F0F8A7619}.Debug|ARM.Build.0 = Debug|Any CPU
		{31E0581B-EA00-40F7-9EDD-542F0F8A7619}.Debug|iPhone.ActiveCfg = Debug|Any CPU
		{31E0581B-EA00-40F7-9EDD-542F0F8A7619}.Debug|iPhone.Build.0 = Debug|Any CPU
		{31E0581B-EA00-40F7-9EDD-542F0F8A7619}.Debug|iPhoneSimulator.ActiveCfg = Debug|Any CPU
		{31E0581B-EA00-40F7-9EDD-542F0F8A7619}.Debug|iPhoneSimulator.Build.0 = Debug|Any CPU
		{31E0581B-EA00-40F7-9EDD-542F0F8A7619}.Debug|x64.ActiveCfg = Debug|Any CPU
		{31E0581B-EA00-40F7-9EDD-542F0F8A7619}.Debug|x64.Build.0 = Debug|Any CPU
		{31E0581B-EA00-40F7-9EDD-542F0F8A7619}.Debug|x86.ActiveCfg = Debug|Any CPU
		{31E0581B-EA00-40F7-9EDD-542F0F8A7619}.Debug|x86.Build.0 = Debug|Any CPU
		{31E0581B-EA00-40F7-9EDD-542F0F8A7619}.Release|Any CPU.ActiveCfg = Release|Any CPU
		{31E0581B-EA00-40F7-9EDD-542F0F8A7619}.Release|Any CPU.Build.0 = Release|Any CPU
		{31E0581B-EA00-40F7-9EDD-542F0F8A7619}.Release|ARM.ActiveCfg = Release|Any CPU
		{31E0581B-EA00-40F7-9EDD-542F0F8A7619}.Release|ARM.Build.0 = Release|Any CPU
		{31E0581B-EA00-40F7-9EDD-542F0F8A7619}.Release|iPhone.ActiveCfg = Release|Any CPU
		{31E0581B-EA00-40F7-9EDD-542F0F8A7619}.Release|iPhone.Build.0 = Release|Any CPU
		{31E0581B-EA00-40F7-9EDD-542F0F8A7619}.Release|iPhoneSimulator.ActiveCfg = Release|Any CPU
		{31E0581B-EA00-40F7-9EDD-542F0F8A7619}.Release|iPhoneSimulator.Build.0 = Release|Any CPU
		{31E0581B-EA00-40F7-9EDD-542F0F8A7619}.Release|x64.ActiveCfg = Release|Any CPU
		{31E0581B-EA00-40F7-9EDD-542F0F8A7619}.Release|x64.Build.0 = Release|Any CPU
		{31E0581B-EA00-40F7-9EDD-542F0F8A7619}.Release|x86.ActiveCfg = Release|Any CPU
		{31E0581B-EA00-40F7-9EDD-542F0F8A7619}.Release|x86.Build.0 = Release|Any CPU
		{70E5185C-2A07-44AD-81DF-EF7F514EEF2D}.Debug|Any CPU.ActiveCfg = Debug|Any CPU
		{70E5185C-2A07-44AD-81DF-EF7F514EEF2D}.Debug|Any CPU.Build.0 = Debug|Any CPU
		{70E5185C-2A07-44AD-81DF-EF7F514EEF2D}.Debug|ARM.ActiveCfg = Debug|Any CPU
		{70E5185C-2A07-44AD-81DF-EF7F514EEF2D}.Debug|ARM.Build.0 = Debug|Any CPU
		{70E5185C-2A07-44AD-81DF-EF7F514EEF2D}.Debug|iPhone.ActiveCfg = Debug|Any CPU
		{70E5185C-2A07-44AD-81DF-EF7F514EEF2D}.Debug|iPhone.Build.0 = Debug|Any CPU
		{70E5185C-2A07-44AD-81DF-EF7F514EEF2D}.Debug|iPhoneSimulator.ActiveCfg = Debug|Any CPU
		{70E5185C-2A07-44AD-81DF-EF7F514EEF2D}.Debug|iPhoneSimulator.Build.0 = Debug|Any CPU
		{70E5185C-2A07-44AD-81DF-EF7F514EEF2D}.Debug|x64.ActiveCfg = Debug|Any CPU
		{70E5185C-2A07-44AD-81DF-EF7F514EEF2D}.Debug|x64.Build.0 = Debug|Any CPU
		{70E5185C-2A07-44AD-81DF-EF7F514EEF2D}.Debug|x86.ActiveCfg = Debug|Any CPU
		{70E5185C-2A07-44AD-81DF-EF7F514EEF2D}.Debug|x86.Build.0 = Debug|Any CPU
		{70E5185C-2A07-44AD-81DF-EF7F514EEF2D}.Release|Any CPU.ActiveCfg = Release|Any CPU
		{70E5185C-2A07-44AD-81DF-EF7F514EEF2D}.Release|Any CPU.Build.0 = Release|Any CPU
		{70E5185C-2A07-44AD-81DF-EF7F514EEF2D}.Release|ARM.ActiveCfg = Release|Any CPU
		{70E5185C-2A07-44AD-81DF-EF7F514EEF2D}.Release|ARM.Build.0 = Release|Any CPU
		{70E5185C-2A07-44AD-81DF-EF7F514EEF2D}.Release|iPhone.ActiveCfg = Release|Any CPU
		{70E5185C-2A07-44AD-81DF-EF7F514EEF2D}.Release|iPhone.Build.0 = Release|Any CPU
		{70E5185C-2A07-44AD-81DF-EF7F514EEF2D}.Release|iPhoneSimulator.ActiveCfg = Release|Any CPU
		{70E5185C-2A07-44AD-81DF-EF7F514EEF2D}.Release|iPhoneSimulator.Build.0 = Release|Any CPU
		{70E5185C-2A07-44AD-81DF-EF7F514EEF2D}.Release|x64.ActiveCfg = Release|Any CPU
		{70E5185C-2A07-44AD-81DF-EF7F514EEF2D}.Release|x64.Build.0 = Release|Any CPU
		{70E5185C-2A07-44AD-81DF-EF7F514EEF2D}.Release|x86.ActiveCfg = Release|Any CPU
		{70E5185C-2A07-44AD-81DF-EF7F514EEF2D}.Release|x86.Build.0 = Release|Any CPU
		{80C10C11-6FCB-4038-B029-A700039E8F99}.Debug|Any CPU.ActiveCfg = Debug|Any CPU
		{80C10C11-6FCB-4038-B029-A700039E8F99}.Debug|Any CPU.Build.0 = Debug|Any CPU
		{80C10C11-6FCB-4038-B029-A700039E8F99}.Debug|ARM.ActiveCfg = Debug|Any CPU
		{80C10C11-6FCB-4038-B029-A700039E8F99}.Debug|ARM.Build.0 = Debug|Any CPU
		{80C10C11-6FCB-4038-B029-A700039E8F99}.Debug|iPhone.ActiveCfg = Debug|Any CPU
		{80C10C11-6FCB-4038-B029-A700039E8F99}.Debug|iPhone.Build.0 = Debug|Any CPU
		{80C10C11-6FCB-4038-B029-A700039E8F99}.Debug|iPhoneSimulator.ActiveCfg = Debug|Any CPU
		{80C10C11-6FCB-4038-B029-A700039E8F99}.Debug|iPhoneSimulator.Build.0 = Debug|Any CPU
		{80C10C11-6FCB-4038-B029-A700039E8F99}.Debug|x64.ActiveCfg = Debug|Any CPU
		{80C10C11-6FCB-4038-B029-A700039E8F99}.Debug|x64.Build.0 = Debug|Any CPU
		{80C10C11-6FCB-4038-B029-A700039E8F99}.Debug|x86.ActiveCfg = Debug|Any CPU
		{80C10C11-6FCB-4038-B029-A700039E8F99}.Debug|x86.Build.0 = Debug|Any CPU
		{80C10C11-6FCB-4038-B029-A700039E8F99}.Release|Any CPU.ActiveCfg = Release|Any CPU
		{80C10C11-6FCB-4038-B029-A700039E8F99}.Release|Any CPU.Build.0 = Release|Any CPU
		{80C10C11-6FCB-4038-B029-A700039E8F99}.Release|ARM.ActiveCfg = Release|Any CPU
		{80C10C11-6FCB-4038-B029-A700039E8F99}.Release|ARM.Build.0 = Release|Any CPU
		{80C10C11-6FCB-4038-B029-A700039E8F99}.Release|iPhone.ActiveCfg = Release|Any CPU
		{80C10C11-6FCB-4038-B029-A700039E8F99}.Release|iPhone.Build.0 = Release|Any CPU
		{80C10C11-6FCB-4038-B029-A700039E8F99}.Release|iPhoneSimulator.ActiveCfg = Release|Any CPU
		{80C10C11-6FCB-4038-B029-A700039E8F99}.Release|iPhoneSimulator.Build.0 = Release|Any CPU
		{80C10C11-6FCB-4038-B029-A700039E8F99}.Release|x64.ActiveCfg = Release|Any CPU
		{80C10C11-6FCB-4038-B029-A700039E8F99}.Release|x64.Build.0 = Release|Any CPU
		{80C10C11-6FCB-4038-B029-A700039E8F99}.Release|x86.ActiveCfg = Release|Any CPU
		{80C10C11-6FCB-4038-B029-A700039E8F99}.Release|x86.Build.0 = Release|Any CPU
		{30BBA3F3-DEE6-4A86-81F0-C4A817FEE4D8}.Debug|Any CPU.ActiveCfg = Debug|Any CPU
		{30BBA3F3-DEE6-4A86-81F0-C4A817FEE4D8}.Debug|Any CPU.Build.0 = Debug|Any CPU
		{30BBA3F3-DEE6-4A86-81F0-C4A817FEE4D8}.Debug|ARM.ActiveCfg = Debug|Any CPU
		{30BBA3F3-DEE6-4A86-81F0-C4A817FEE4D8}.Debug|ARM.Build.0 = Debug|Any CPU
		{30BBA3F3-DEE6-4A86-81F0-C4A817FEE4D8}.Debug|iPhone.ActiveCfg = Debug|Any CPU
		{30BBA3F3-DEE6-4A86-81F0-C4A817FEE4D8}.Debug|iPhone.Build.0 = Debug|Any CPU
		{30BBA3F3-DEE6-4A86-81F0-C4A817FEE4D8}.Debug|iPhoneSimulator.ActiveCfg = Debug|Any CPU
		{30BBA3F3-DEE6-4A86-81F0-C4A817FEE4D8}.Debug|iPhoneSimulator.Build.0 = Debug|Any CPU
		{30BBA3F3-DEE6-4A86-81F0-C4A817FEE4D8}.Debug|x64.ActiveCfg = Debug|Any CPU
		{30BBA3F3-DEE6-4A86-81F0-C4A817FEE4D8}.Debug|x64.Build.0 = Debug|Any CPU
		{30BBA3F3-DEE6-4A86-81F0-C4A817FEE4D8}.Debug|x86.ActiveCfg = Debug|Any CPU
		{30BBA3F3-DEE6-4A86-81F0-C4A817FEE4D8}.Debug|x86.Build.0 = Debug|Any CPU
		{30BBA3F3-DEE6-4A86-81F0-C4A817FEE4D8}.Release|Any CPU.ActiveCfg = Release|Any CPU
		{30BBA3F3-DEE6-4A86-81F0-C4A817FEE4D8}.Release|Any CPU.Build.0 = Release|Any CPU
		{30BBA3F3-DEE6-4A86-81F0-C4A817FEE4D8}.Release|ARM.ActiveCfg = Release|Any CPU
		{30BBA3F3-DEE6-4A86-81F0-C4A817FEE4D8}.Release|ARM.Build.0 = Release|Any CPU
		{30BBA3F3-DEE6-4A86-81F0-C4A817FEE4D8}.Release|iPhone.ActiveCfg = Release|Any CPU
		{30BBA3F3-DEE6-4A86-81F0-C4A817FEE4D8}.Release|iPhone.Build.0 = Release|Any CPU
		{30BBA3F3-DEE6-4A86-81F0-C4A817FEE4D8}.Release|iPhoneSimulator.ActiveCfg = Release|Any CPU
		{30BBA3F3-DEE6-4A86-81F0-C4A817FEE4D8}.Release|iPhoneSimulator.Build.0 = Release|Any CPU
		{30BBA3F3-DEE6-4A86-81F0-C4A817FEE4D8}.Release|x64.ActiveCfg = Release|Any CPU
		{30BBA3F3-DEE6-4A86-81F0-C4A817FEE4D8}.Release|x64.Build.0 = Release|Any CPU
		{30BBA3F3-DEE6-4A86-81F0-C4A817FEE4D8}.Release|x86.ActiveCfg = Release|Any CPU
		{30BBA3F3-DEE6-4A86-81F0-C4A817FEE4D8}.Release|x86.Build.0 = Release|Any CPU
		{CD0FD18F-08EE-49F5-957F-C5929E13615F}.Debug|Any CPU.ActiveCfg = Debug|Any CPU
		{CD0FD18F-08EE-49F5-957F-C5929E13615F}.Debug|Any CPU.Build.0 = Debug|Any CPU
		{CD0FD18F-08EE-49F5-957F-C5929E13615F}.Debug|ARM.ActiveCfg = Debug|Any CPU
		{CD0FD18F-08EE-49F5-957F-C5929E13615F}.Debug|ARM.Build.0 = Debug|Any CPU
		{CD0FD18F-08EE-49F5-957F-C5929E13615F}.Debug|iPhone.ActiveCfg = Debug|Any CPU
		{CD0FD18F-08EE-49F5-957F-C5929E13615F}.Debug|iPhone.Build.0 = Debug|Any CPU
		{CD0FD18F-08EE-49F5-957F-C5929E13615F}.Debug|iPhoneSimulator.ActiveCfg = Debug|Any CPU
		{CD0FD18F-08EE-49F5-957F-C5929E13615F}.Debug|iPhoneSimulator.Build.0 = Debug|Any CPU
		{CD0FD18F-08EE-49F5-957F-C5929E13615F}.Debug|x64.ActiveCfg = Debug|Any CPU
		{CD0FD18F-08EE-49F5-957F-C5929E13615F}.Debug|x64.Build.0 = Debug|Any CPU
		{CD0FD18F-08EE-49F5-957F-C5929E13615F}.Debug|x86.ActiveCfg = Debug|Any CPU
		{CD0FD18F-08EE-49F5-957F-C5929E13615F}.Debug|x86.Build.0 = Debug|Any CPU
		{CD0FD18F-08EE-49F5-957F-C5929E13615F}.Release|Any CPU.ActiveCfg = Release|Any CPU
		{CD0FD18F-08EE-49F5-957F-C5929E13615F}.Release|Any CPU.Build.0 = Release|Any CPU
		{CD0FD18F-08EE-49F5-957F-C5929E13615F}.Release|ARM.ActiveCfg = Release|Any CPU
		{CD0FD18F-08EE-49F5-957F-C5929E13615F}.Release|ARM.Build.0 = Release|Any CPU
		{CD0FD18F-08EE-49F5-957F-C5929E13615F}.Release|iPhone.ActiveCfg = Release|Any CPU
		{CD0FD18F-08EE-49F5-957F-C5929E13615F}.Release|iPhone.Build.0 = Release|Any CPU
		{CD0FD18F-08EE-49F5-957F-C5929E13615F}.Release|iPhoneSimulator.ActiveCfg = Release|Any CPU
		{CD0FD18F-08EE-49F5-957F-C5929E13615F}.Release|iPhoneSimulator.Build.0 = Release|Any CPU
		{CD0FD18F-08EE-49F5-957F-C5929E13615F}.Release|x64.ActiveCfg = Release|Any CPU
		{CD0FD18F-08EE-49F5-957F-C5929E13615F}.Release|x64.Build.0 = Release|Any CPU
		{CD0FD18F-08EE-49F5-957F-C5929E13615F}.Release|x86.ActiveCfg = Release|Any CPU
		{CD0FD18F-08EE-49F5-957F-C5929E13615F}.Release|x86.Build.0 = Release|Any CPU
	EndGlobalSection
	GlobalSection(SolutionProperties) = preSolution
		HideSolutionNode = FALSE
	EndGlobalSection
	GlobalSection(ExtensibilityGlobals) = postSolution
		SolutionGuid = {0D5B90E4-82CF-4D86-834F-F23C48D16C13}
	EndGlobalSection
EndGlobal
