
Microsoft Visual Studio Solution File, Format Version 12.00
# Visual Studio Version 17
VisualStudioVersion = 17.2.32505.173
MinimumVisualStudioVersion = 10.0.40219.1
Project("{FAE04EC0-301F-11D3-BF4B-00C04F79EFBC}") = "FenomPlus.Android", "FenomPlus.Mobile\FenomPlus.Android\FenomPlus.Android.csproj", "{C0752B92-261B-405C-B713-988B7931AC1D}"
EndProject
Project("{9A19103F-16F7-4668-BE54-9A1E7A4F7556}") = "FenomPlus", "FenomPlus.Mobile\FenomPlus\FenomPlus.csproj", "{34E5F295-9EB3-4028-92EA-DCAEEEC02DDF}"
EndProject
Project("{D954291E-2A0B-460D-934E-DC6B0785DB48}") = "FenomPlus.SDK.Abstractions", "FenomPlus.SDK\FenomPlus.SDK.Abstractions\FenomPlus.SDK.Abstractions.shproj", "{3DF159BC-09D0-4468-B6D2-081367D13E1C}"
EndProject
Project("{D954291E-2A0B-460D-934E-DC6B0785DB48}") = "FenomPlus.SDK.Core", "FenomPlus.SDK\FenomPlus.SDK.Core\FenomPlus.SDK.Core.shproj", "{B9ADFAE4-542F-4D10-860D-E0C99F394D18}"
EndProject
Global
	GlobalSection(SolutionConfigurationPlatforms) = preSolution
		Debug|Any CPU = Debug|Any CPU
		Debug|ARM = Debug|ARM
		Debug|iPhone = Debug|iPhone
		Debug|iPhoneSimulator = Debug|iPhoneSimulator
		Debug|x64 = Debug|x64
		Debug|x86 = Debug|x86
		Release|Any CPU = Release|Any CPU
		Release|ARM = Release|ARM
		Release|iPhone = Release|iPhone
		Release|iPhoneSimulator = Release|iPhoneSimulator
		Release|x64 = Release|x64
		Release|x86 = Release|x86
	EndGlobalSection
	GlobalSection(ProjectConfigurationPlatforms) = postSolution
		{C0752B92-261B-405C-B713-988B7931AC1D}.Debug|Any CPU.ActiveCfg = Debug|Any CPU
		{C0752B92-261B-405C-B713-988B7931AC1D}.Debug|Any CPU.Build.0 = Debug|Any CPU
		{C0752B92-261B-405C-B713-988B7931AC1D}.Debug|Any CPU.Deploy.0 = Debug|Any CPU
		{C0752B92-261B-405C-B713-988B7931AC1D}.Debug|ARM.ActiveCfg = Debug|Any CPU
		{C0752B92-261B-405C-B713-988B7931AC1D}.Debug|ARM.Build.0 = Debug|Any CPU
		{C0752B92-261B-405C-B713-988B7931AC1D}.Debug|iPhone.ActiveCfg = Debug|Any CPU
		{C0752B92-261B-405C-B713-988B7931AC1D}.Debug|iPhone.Build.0 = Debug|Any CPU
		{C0752B92-261B-405C-B713-988B7931AC1D}.Debug|iPhoneSimulator.ActiveCfg = Debug|Any CPU
		{C0752B92-261B-405C-B713-988B7931AC1D}.Debug|iPhoneSimulator.Build.0 = Debug|Any CPU
		{C0752B92-261B-405C-B713-988B7931AC1D}.Debug|x64.ActiveCfg = Debug|Any CPU
		{C0752B92-261B-405C-B713-988B7931AC1D}.Debug|x64.Build.0 = Debug|Any CPU
		{C0752B92-261B-405C-B713-988B7931AC1D}.Debug|x86.ActiveCfg = Debug|Any CPU
		{C0752B92-261B-405C-B713-988B7931AC1D}.Debug|x86.Build.0 = Debug|Any CPU
		{C0752B92-261B-405C-B713-988B7931AC1D}.Release|Any CPU.ActiveCfg = Release|Any CPU
		{C0752B92-261B-405C-B713-988B7931AC1D}.Release|Any CPU.Build.0 = Release|Any CPU
		{C0752B92-261B-405C-B713-988B7931AC1D}.Release|ARM.ActiveCfg = Release|Any CPU
		{C0752B92-261B-405C-B713-988B7931AC1D}.Release|ARM.Build.0 = Release|Any CPU
		{C0752B92-261B-405C-B713-988B7931AC1D}.Release|iPhone.ActiveCfg = Release|Any CPU
		{C0752B92-261B-405C-B713-988B7931AC1D}.Release|iPhone.Build.0 = Release|Any CPU
		{C0752B92-261B-405C-B713-988B7931AC1D}.Release|iPhoneSimulator.ActiveCfg = Release|Any CPU
		{C0752B92-261B-405C-B713-988B7931AC1D}.Release|iPhoneSimulator.Build.0 = Release|Any CPU
		{C0752B92-261B-405C-B713-988B7931AC1D}.Release|x64.ActiveCfg = Release|Any CPU
		{C0752B92-261B-405C-B713-988B7931AC1D}.Release|x64.Build.0 = Release|Any CPU
		{C0752B92-261B-405C-B713-988B7931AC1D}.Release|x86.ActiveCfg = Release|Any CPU
		{C0752B92-261B-405C-B713-988B7931AC1D}.Release|x86.Build.0 = Release|Any CPU
		{34E5F295-9EB3-4028-92EA-DCAEEEC02DDF}.Debug|Any CPU.ActiveCfg = Debug|Any CPU
		{34E5F295-9EB3-4028-92EA-DCAEEEC02DDF}.Debug|Any CPU.Build.0 = Debug|Any CPU
		{34E5F295-9EB3-4028-92EA-DCAEEEC02DDF}.Debug|Any CPU.Deploy.0 = Debug|Any CPU
		{34E5F295-9EB3-4028-92EA-DCAEEEC02DDF}.Debug|ARM.ActiveCfg = Debug|Any CPU
		{34E5F295-9EB3-4028-92EA-DCAEEEC02DDF}.Debug|ARM.Build.0 = Debug|Any CPU
		{34E5F295-9EB3-4028-92EA-DCAEEEC02DDF}.Debug|ARM.Deploy.0 = Debug|Any CPU
		{34E5F295-9EB3-4028-92EA-DCAEEEC02DDF}.Debug|iPhone.ActiveCfg = Debug|Any CPU
		{34E5F295-9EB3-4028-92EA-DCAEEEC02DDF}.Debug|iPhone.Build.0 = Debug|Any CPU
		{34E5F295-9EB3-4028-92EA-DCAEEEC02DDF}.Debug|iPhone.Deploy.0 = Debug|Any CPU
		{34E5F295-9EB3-4028-92EA-DCAEEEC02DDF}.Debug|iPhoneSimulator.ActiveCfg = Debug|Any CPU
		{34E5F295-9EB3-4028-92EA-DCAEEEC02DDF}.Debug|iPhoneSimulator.Build.0 = Debug|Any CPU
		{34E5F295-9EB3-4028-92EA-DCAEEEC02DDF}.Debug|iPhoneSimulator.Deploy.0 = Debug|Any CPU
		{34E5F295-9EB3-4028-92EA-DCAEEEC02DDF}.Debug|x64.ActiveCfg = Debug|Any CPU
		{34E5F295-9EB3-4028-92EA-DCAEEEC02DDF}.Debug|x64.Build.0 = Debug|Any CPU
		{34E5F295-9EB3-4028-92EA-DCAEEEC02DDF}.Debug|x64.Deploy.0 = Debug|Any CPU
		{34E5F295-9EB3-4028-92EA-DCAEEEC02DDF}.Debug|x86.ActiveCfg = Debug|Any CPU
		{34E5F295-9EB3-4028-92EA-DCAEEEC02DDF}.Debug|x86.Build.0 = Debug|Any CPU
		{34E5F295-9EB3-4028-92EA-DCAEEEC02DDF}.Debug|x86.Deploy.0 = Debug|Any CPU
		{34E5F295-9EB3-4028-92EA-DCAEEEC02DDF}.Release|Any CPU.ActiveCfg = Release|Any CPU
		{34E5F295-9EB3-4028-92EA-DCAEEEC02DDF}.Release|Any CPU.Build.0 = Release|Any CPU
		{34E5F295-9EB3-4028-92EA-DCAEEEC02DDF}.Release|Any CPU.Deploy.0 = Release|Any CPU
		{34E5F295-9EB3-4028-92EA-DCAEEEC02DDF}.Release|ARM.ActiveCfg = Release|Any CPU
		{34E5F295-9EB3-4028-92EA-DCAEEEC02DDF}.Release|ARM.Build.0 = Release|Any CPU
		{34E5F295-9EB3-4028-92EA-DCAEEEC02DDF}.Release|ARM.Deploy.0 = Release|Any CPU
		{34E5F295-9EB3-4028-92EA-DCAEEEC02DDF}.Release|iPhone.ActiveCfg = Release|Any CPU
		{34E5F295-9EB3-4028-92EA-DCAEEEC02DDF}.Release|iPhone.Build.0 = Release|Any CPU
		{34E5F295-9EB3-4028-92EA-DCAEEEC02DDF}.Release|iPhone.Deploy.0 = Release|Any CPU
		{34E5F295-9EB3-4028-92EA-DCAEEEC02DDF}.Release|iPhoneSimulator.ActiveCfg = Release|Any CPU
		{34E5F295-9EB3-4028-92EA-DCAEEEC02DDF}.Release|iPhoneSimulator.Build.0 = Release|Any CPU
		{34E5F295-9EB3-4028-92EA-DCAEEEC02DDF}.Release|iPhoneSimulator.Deploy.0 = Release|Any CPU
		{34E5F295-9EB3-4028-92EA-DCAEEEC02DDF}.Release|x64.ActiveCfg = Release|Any CPU
		{34E5F295-9EB3-4028-92EA-DCAEEEC02DDF}.Release|x64.Build.0 = Release|Any CPU
		{34E5F295-9EB3-4028-92EA-DCAEEEC02DDF}.Release|x64.Deploy.0 = Release|Any CPU
		{34E5F295-9EB3-4028-92EA-DCAEEEC02DDF}.Release|x86.ActiveCfg = Release|Any CPU
		{34E5F295-9EB3-4028-92EA-DCAEEEC02DDF}.Release|x86.Build.0 = Release|Any CPU
		{34E5F295-9EB3-4028-92EA-DCAEEEC02DDF}.Release|x86.Deploy.0 = Release|Any CPU
	EndGlobalSection
	GlobalSection(SolutionProperties) = preSolution
		HideSolutionNode = FALSE
	EndGlobalSection
	GlobalSection(ExtensibilityGlobals) = postSolution
		SolutionGuid = {0D5B90E4-82CF-4D86-834F-F23C48D16C13}
	EndGlobalSection
	GlobalSection(SharedMSBuildProjectFiles) = preSolution
		FenomPlus.SDK\FenomPlus.SDK.Abstractions\FenomPlus.SDK.Abstractions.projitems*{34e5f295-9eb3-4028-92ea-dcaeeec02ddf}*SharedItemsImports = 5
		FenomPlus.SDK\FenomPlus.SDK.Core\FenomPlus.SDK.Core.projitems*{34e5f295-9eb3-4028-92ea-dcaeeec02ddf}*SharedItemsImports = 5
		FenomPlus.SDK\FenomPlus.SDK.Abstractions\FenomPlus.SDK.Abstractions.projitems*{3df159bc-09d0-4468-b6d2-081367d13e1c}*SharedItemsImports = 13
		FenomPlus.SDK\FenomPlus.SDK.Core\FenomPlus.SDK.Core.projitems*{b9adfae4-542f-4d10-860d-e0c99f394d18}*SharedItemsImports = 13
	EndGlobalSection
EndGlobal
